// !$*UTF8*$!
{
	archiveVersion = 1;
	classes = {
	};
	objectVersion = 56;
	objects = {

/* Begin PBXBuildFile section */
		E8583D7D2A80BF0C00EB15C9 /* HTTPClient.swift in Sources */ = {isa = PBXBuildFile; fileRef = E8583D7C2A80BF0C00EB15C9 /* HTTPClient.swift */; };
		E8583D802A80BF4000EB15C9 /* SearchURLAbstractFactory.swift in Sources */ = {isa = PBXBuildFile; fileRef = E8583D7F2A80BF4000EB15C9 /* SearchURLAbstractFactory.swift */; };
		E8583D822A80BF7B00EB15C9 /* BookDataMapper.swift in Sources */ = {isa = PBXBuildFile; fileRef = E8583D812A80BF7B00EB15C9 /* BookDataMapper.swift */; };
		E87756052A7B6C47004511E6 /* Book.swift in Sources */ = {isa = PBXBuildFile; fileRef = E87756042A7B6C47004511E6 /* Book.swift */; };
		E87756092A7B70E5004511E6 /* BookSearcher.swift in Sources */ = {isa = PBXBuildFile; fileRef = E87756082A7B70E5004511E6 /* BookSearcher.swift */; };
		E877560B2A7B71BF004511E6 /* RemoteBookSearcherTests.swift in Sources */ = {isa = PBXBuildFile; fileRef = E877560A2A7B71BF004511E6 /* RemoteBookSearcherTests.swift */; };
		E877560D2A7B7582004511E6 /* RemoteBookSearcher.swift in Sources */ = {isa = PBXBuildFile; fileRef = E877560C2A7B7582004511E6 /* RemoteBookSearcher.swift */; };
		E8D7B2372A7A85A9003820D4 /* ReadBooks.framework in Frameworks */ = {isa = PBXBuildFile; fileRef = E8D7B22C2A7A85A9003820D4 /* ReadBooks.framework */; };
/* End PBXBuildFile section */

/* Begin PBXContainerItemProxy section */
		E8D7B2382A7A85A9003820D4 /* PBXContainerItemProxy */ = {
			isa = PBXContainerItemProxy;
			containerPortal = E8D7B2232A7A85A9003820D4 /* Project object */;
			proxyType = 1;
			remoteGlobalIDString = E8D7B22B2A7A85A9003820D4;
			remoteInfo = ReadBooks;
		};
/* End PBXContainerItemProxy section */

/* Begin PBXFileReference section */
		E8583D7C2A80BF0C00EB15C9 /* HTTPClient.swift */ = {isa = PBXFileReference; lastKnownFileType = sourcecode.swift; path = HTTPClient.swift; sourceTree = "<group>"; };
		E8583D7F2A80BF4000EB15C9 /* SearchURLAbstractFactory.swift */ = {isa = PBXFileReference; lastKnownFileType = sourcecode.swift; path = SearchURLAbstractFactory.swift; sourceTree = "<group>"; };
		E8583D812A80BF7B00EB15C9 /* BookDataMapper.swift */ = {isa = PBXFileReference; lastKnownFileType = sourcecode.swift; path = BookDataMapper.swift; sourceTree = "<group>"; };
		E87756042A7B6C47004511E6 /* Book.swift */ = {isa = PBXFileReference; lastKnownFileType = sourcecode.swift; path = Book.swift; sourceTree = "<group>"; };
		E87756082A7B70E5004511E6 /* BookSearcher.swift */ = {isa = PBXFileReference; lastKnownFileType = sourcecode.swift; path = BookSearcher.swift; sourceTree = "<group>"; };
		E877560A2A7B71BF004511E6 /* RemoteBookSearcherTests.swift */ = {isa = PBXFileReference; lastKnownFileType = sourcecode.swift; path = RemoteBookSearcherTests.swift; sourceTree = "<group>"; };
		E877560C2A7B7582004511E6 /* RemoteBookSearcher.swift */ = {isa = PBXFileReference; lastKnownFileType = sourcecode.swift; path = RemoteBookSearcher.swift; sourceTree = "<group>"; };
		E8D7B22C2A7A85A9003820D4 /* ReadBooks.framework */ = {isa = PBXFileReference; explicitFileType = wrapper.framework; includeInIndex = 0; path = ReadBooks.framework; sourceTree = BUILT_PRODUCTS_DIR; };
		E8D7B2362A7A85A9003820D4 /* ReadBooksTests.xctest */ = {isa = PBXFileReference; explicitFileType = wrapper.cfbundle; includeInIndex = 0; path = ReadBooksTests.xctest; sourceTree = BUILT_PRODUCTS_DIR; };
/* End PBXFileReference section */

/* Begin PBXFrameworksBuildPhase section */
		E8D7B2292A7A85A9003820D4 /* Frameworks */ = {
			isa = PBXFrameworksBuildPhase;
			buildActionMask = 2147483647;
			files = (
			);
			runOnlyForDeploymentPostprocessing = 0;
		};
		E8D7B2332A7A85A9003820D4 /* Frameworks */ = {
			isa = PBXFrameworksBuildPhase;
			buildActionMask = 2147483647;
			files = (
				E8D7B2372A7A85A9003820D4 /* ReadBooks.framework in Frameworks */,
			);
			runOnlyForDeploymentPostprocessing = 0;
		};
/* End PBXFrameworksBuildPhase section */

/* Begin PBXGroup section */
		E8583D782A80BE7200EB15C9 /* BooksSearcher */ = {
			isa = PBXGroup;
			children = (
				E87756082A7B70E5004511E6 /* BookSearcher.swift */,
				E87756042A7B6C47004511E6 /* Book.swift */,
			);
			path = BooksSearcher;
			sourceTree = "<group>";
		};
		E8583D792A80BEA300EB15C9 /* BooksAPI */ = {
			isa = PBXGroup;
			children = (
				E877560C2A7B7582004511E6 /* RemoteBookSearcher.swift */,
				E8583D7C2A80BF0C00EB15C9 /* HTTPClient.swift */,
				E8583D7F2A80BF4000EB15C9 /* SearchURLAbstractFactory.swift */,
				E8583D812A80BF7B00EB15C9 /* BookDataMapper.swift */,
			);
			path = BooksAPI;
			sourceTree = "<group>";
		};
		E8583D832A80C00500EB15C9 /* BooksAPI */ = {
			isa = PBXGroup;
			children = (
				E877560A2A7B71BF004511E6 /* RemoteBookSearcherTests.swift */,
			);
			path = BooksAPI;
			sourceTree = "<group>";
		};
		E8D7B2222A7A85A8003820D4 = {
			isa = PBXGroup;
			children = (
				E8D7B22E2A7A85A9003820D4 /* ReadBooks */,
				E8D7B23A2A7A85A9003820D4 /* ReadBooksTests */,
				E8D7B22D2A7A85A9003820D4 /* Products */,
			);
			sourceTree = "<group>";
		};
		E8D7B22D2A7A85A9003820D4 /* Products */ = {
			isa = PBXGroup;
			children = (
				E8D7B22C2A7A85A9003820D4 /* ReadBooks.framework */,
				E8D7B2362A7A85A9003820D4 /* ReadBooksTests.xctest */,
			);
			name = Products;
			sourceTree = "<group>";
		};
		E8D7B22E2A7A85A9003820D4 /* ReadBooks */ = {
			isa = PBXGroup;
			children = (
				E8583D792A80BEA300EB15C9 /* BooksAPI */,
				E8583D782A80BE7200EB15C9 /* BooksSearcher */,
			);
			path = ReadBooks;
			sourceTree = "<group>";
		};
		E8D7B23A2A7A85A9003820D4 /* ReadBooksTests */ = {
			isa = PBXGroup;
			children = (
				E8583D832A80C00500EB15C9 /* BooksAPI */,
			);
			path = ReadBooksTests;
			sourceTree = "<group>";
		};
/* End PBXGroup section */

/* Begin PBXHeadersBuildPhase section */
		E8D7B2272A7A85A9003820D4 /* Headers */ = {
			isa = PBXHeadersBuildPhase;
			buildActionMask = 2147483647;
			files = (
			);
			runOnlyForDeploymentPostprocessing = 0;
		};
/* End PBXHeadersBuildPhase section */

/* Begin PBXNativeTarget section */
		E8D7B22B2A7A85A9003820D4 /* ReadBooks */ = {
			isa = PBXNativeTarget;
			buildConfigurationList = E8D7B2402A7A85A9003820D4 /* Build configuration list for PBXNativeTarget "ReadBooks" */;
			buildPhases = (
				E8D7B2272A7A85A9003820D4 /* Headers */,
				E8D7B2282A7A85A9003820D4 /* Sources */,
				E8D7B2292A7A85A9003820D4 /* Frameworks */,
				E8D7B22A2A7A85A9003820D4 /* Resources */,
			);
			buildRules = (
			);
			dependencies = (
			);
			name = ReadBooks;
			productName = ReadBooks;
			productReference = E8D7B22C2A7A85A9003820D4 /* ReadBooks.framework */;
			productType = "com.apple.product-type.framework";
		};
		E8D7B2352A7A85A9003820D4 /* ReadBooksTests */ = {
			isa = PBXNativeTarget;
			buildConfigurationList = E8D7B2432A7A85A9003820D4 /* Build configuration list for PBXNativeTarget "ReadBooksTests" */;
			buildPhases = (
				E8D7B2322A7A85A9003820D4 /* Sources */,
				E8D7B2332A7A85A9003820D4 /* Frameworks */,
				E8D7B2342A7A85A9003820D4 /* Resources */,
			);
			buildRules = (
			);
			dependencies = (
				E8D7B2392A7A85A9003820D4 /* PBXTargetDependency */,
			);
			name = ReadBooksTests;
			productName = ReadBooksTests;
			productReference = E8D7B2362A7A85A9003820D4 /* ReadBooksTests.xctest */;
			productType = "com.apple.product-type.bundle.unit-test";
		};
/* End PBXNativeTarget section */

/* Begin PBXProject section */
		E8D7B2232A7A85A9003820D4 /* Project object */ = {
			isa = PBXProject;
			attributes = {
				BuildIndependentTargetsInParallel = 1;
				LastSwiftUpdateCheck = 1420;
				LastUpgradeCheck = 1420;
				TargetAttributes = {
					E8D7B22B2A7A85A9003820D4 = {
						CreatedOnToolsVersion = 14.2;
						LastSwiftMigration = 1420;
					};
					E8D7B2352A7A85A9003820D4 = {
						CreatedOnToolsVersion = 14.2;
						LastSwiftMigration = 1420;
					};
				};
			};
			buildConfigurationList = E8D7B2262A7A85A9003820D4 /* Build configuration list for PBXProject "ReadBooks" */;
			compatibilityVersion = "Xcode 14.0";
			developmentRegion = en;
			hasScannedForEncodings = 0;
			knownRegions = (
				en,
				Base,
			);
			mainGroup = E8D7B2222A7A85A8003820D4;
			productRefGroup = E8D7B22D2A7A85A9003820D4 /* Products */;
			projectDirPath = "";
			projectRoot = "";
			targets = (
				E8D7B22B2A7A85A9003820D4 /* ReadBooks */,
				E8D7B2352A7A85A9003820D4 /* ReadBooksTests */,
			);
		};
/* End PBXProject section */

/* Begin PBXResourcesBuildPhase section */
		E8D7B22A2A7A85A9003820D4 /* Resources */ = {
			isa = PBXResourcesBuildPhase;
			buildActionMask = 2147483647;
			files = (
			);
			runOnlyForDeploymentPostprocessing = 0;
		};
		E8D7B2342A7A85A9003820D4 /* Resources */ = {
			isa = PBXResourcesBuildPhase;
			buildActionMask = 2147483647;
			files = (
			);
			runOnlyForDeploymentPostprocessing = 0;
		};
/* End PBXResourcesBuildPhase section */

/* Begin PBXSourcesBuildPhase section */
		E8D7B2282A7A85A9003820D4 /* Sources */ = {
			isa = PBXSourcesBuildPhase;
			buildActionMask = 2147483647;
			files = (
				E87756052A7B6C47004511E6 /* Book.swift in Sources */,
				E877560D2A7B7582004511E6 /* RemoteBookSearcher.swift in Sources */,
				E8583D7D2A80BF0C00EB15C9 /* HTTPClient.swift in Sources */,
				E8583D822A80BF7B00EB15C9 /* BookDataMapper.swift in Sources */,
				E8583D802A80BF4000EB15C9 /* SearchURLAbstractFactory.swift in Sources */,
				E87756092A7B70E5004511E6 /* BookSearcher.swift in Sources */,
			);
			runOnlyForDeploymentPostprocessing = 0;
		};
		E8D7B2322A7A85A9003820D4 /* Sources */ = {
			isa = PBXSourcesBuildPhase;
			buildActionMask = 2147483647;
			files = (
				E877560B2A7B71BF004511E6 /* RemoteBookSearcherTests.swift in Sources */,
			);
			runOnlyForDeploymentPostprocessing = 0;
		};
/* End PBXSourcesBuildPhase section */

/* Begin PBXTargetDependency section */
		E8D7B2392A7A85A9003820D4 /* PBXTargetDependency */ = {
			isa = PBXTargetDependency;
			target = E8D7B22B2A7A85A9003820D4 /* ReadBooks */;
			targetProxy = E8D7B2382A7A85A9003820D4 /* PBXContainerItemProxy */;
		};
/* End PBXTargetDependency section */

/* Begin XCBuildConfiguration section */
		E8D7B23E2A7A85A9003820D4 /* Debug */ = {
			isa = XCBuildConfiguration;
			buildSettings = {
				ALWAYS_SEARCH_USER_PATHS = NO;
				CLANG_ANALYZER_NONNULL = YES;
				CLANG_ANALYZER_NUMBER_OBJECT_CONVERSION = YES_AGGRESSIVE;
				CLANG_CXX_LANGUAGE_STANDARD = "gnu++20";
				CLANG_ENABLE_MODULES = YES;
				CLANG_ENABLE_OBJC_ARC = YES;
				CLANG_ENABLE_OBJC_WEAK = YES;
				CLANG_WARN_BLOCK_CAPTURE_AUTORELEASING = YES;
				CLANG_WARN_BOOL_CONVERSION = YES;
				CLANG_WARN_COMMA = YES;
				CLANG_WARN_CONSTANT_CONVERSION = YES;
				CLANG_WARN_DEPRECATED_OBJC_IMPLEMENTATIONS = YES;
				CLANG_WARN_DIRECT_OBJC_ISA_USAGE = YES_ERROR;
				CLANG_WARN_DOCUMENTATION_COMMENTS = YES;
				CLANG_WARN_EMPTY_BODY = YES;
				CLANG_WARN_ENUM_CONVERSION = YES;
				CLANG_WARN_INFINITE_RECURSION = YES;
				CLANG_WARN_INT_CONVERSION = YES;
				CLANG_WARN_NON_LITERAL_NULL_CONVERSION = YES;
				CLANG_WARN_OBJC_IMPLICIT_RETAIN_SELF = YES;
				CLANG_WARN_OBJC_LITERAL_CONVERSION = YES;
				CLANG_WARN_OBJC_ROOT_CLASS = YES_ERROR;
				CLANG_WARN_QUOTED_INCLUDE_IN_FRAMEWORK_HEADER = YES;
				CLANG_WARN_RANGE_LOOP_ANALYSIS = YES;
				CLANG_WARN_STRICT_PROTOTYPES = YES;
				CLANG_WARN_SUSPICIOUS_MOVE = YES;
				CLANG_WARN_UNGUARDED_AVAILABILITY = YES_AGGRESSIVE;
				CLANG_WARN_UNREACHABLE_CODE = YES;
				CLANG_WARN__DUPLICATE_METHOD_MATCH = YES;
				COPY_PHASE_STRIP = NO;
				CURRENT_PROJECT_VERSION = 1;
				DEBUG_INFORMATION_FORMAT = dwarf;
				ENABLE_STRICT_OBJC_MSGSEND = YES;
				ENABLE_TESTABILITY = YES;
				GCC_C_LANGUAGE_STANDARD = gnu11;
				GCC_DYNAMIC_NO_PIC = NO;
				GCC_NO_COMMON_BLOCKS = YES;
				GCC_OPTIMIZATION_LEVEL = 0;
				GCC_PREPROCESSOR_DEFINITIONS = (
					"DEBUG=1",
					"$(inherited)",
				);
				GCC_WARN_64_TO_32_BIT_CONVERSION = YES;
				GCC_WARN_ABOUT_RETURN_TYPE = YES_ERROR;
				GCC_WARN_UNDECLARED_SELECTOR = YES;
				GCC_WARN_UNINITIALIZED_AUTOS = YES_AGGRESSIVE;
				GCC_WARN_UNUSED_FUNCTION = YES;
				GCC_WARN_UNUSED_VARIABLE = YES;
				MACOSX_DEPLOYMENT_TARGET = 12.6;
				MTL_ENABLE_DEBUG_INFO = INCLUDE_SOURCE;
				MTL_FAST_MATH = YES;
				ONLY_ACTIVE_ARCH = YES;
				SDKROOT = macosx;
				SWIFT_ACTIVE_COMPILATION_CONDITIONS = DEBUG;
				SWIFT_OPTIMIZATION_LEVEL = "-Onone";
				VERSIONING_SYSTEM = "apple-generic";
				VERSION_INFO_PREFIX = "";
			};
			name = Debug;
		};
		E8D7B23F2A7A85A9003820D4 /* Release */ = {
			isa = XCBuildConfiguration;
			buildSettings = {
				ALWAYS_SEARCH_USER_PATHS = NO;
				CLANG_ANALYZER_NONNULL = YES;
				CLANG_ANALYZER_NUMBER_OBJECT_CONVERSION = YES_AGGRESSIVE;
				CLANG_CXX_LANGUAGE_STANDARD = "gnu++20";
				CLANG_ENABLE_MODULES = YES;
				CLANG_ENABLE_OBJC_ARC = YES;
				CLANG_ENABLE_OBJC_WEAK = YES;
				CLANG_WARN_BLOCK_CAPTURE_AUTORELEASING = YES;
				CLANG_WARN_BOOL_CONVERSION = YES;
				CLANG_WARN_COMMA = YES;
				CLANG_WARN_CONSTANT_CONVERSION = YES;
				CLANG_WARN_DEPRECATED_OBJC_IMPLEMENTATIONS = YES;
				CLANG_WARN_DIRECT_OBJC_ISA_USAGE = YES_ERROR;
				CLANG_WARN_DOCUMENTATION_COMMENTS = YES;
				CLANG_WARN_EMPTY_BODY = YES;
				CLANG_WARN_ENUM_CONVERSION = YES;
				CLANG_WARN_INFINITE_RECURSION = YES;
				CLANG_WARN_INT_CONVERSION = YES;
				CLANG_WARN_NON_LITERAL_NULL_CONVERSION = YES;
				CLANG_WARN_OBJC_IMPLICIT_RETAIN_SELF = YES;
				CLANG_WARN_OBJC_LITERAL_CONVERSION = YES;
				CLANG_WARN_OBJC_ROOT_CLASS = YES_ERROR;
				CLANG_WARN_QUOTED_INCLUDE_IN_FRAMEWORK_HEADER = YES;
				CLANG_WARN_RANGE_LOOP_ANALYSIS = YES;
				CLANG_WARN_STRICT_PROTOTYPES = YES;
				CLANG_WARN_SUSPICIOUS_MOVE = YES;
				CLANG_WARN_UNGUARDED_AVAILABILITY = YES_AGGRESSIVE;
				CLANG_WARN_UNREACHABLE_CODE = YES;
				CLANG_WARN__DUPLICATE_METHOD_MATCH = YES;
				COPY_PHASE_STRIP = NO;
				CURRENT_PROJECT_VERSION = 1;
				DEBUG_INFORMATION_FORMAT = "dwarf-with-dsym";
				ENABLE_NS_ASSERTIONS = NO;
				ENABLE_STRICT_OBJC_MSGSEND = YES;
				GCC_C_LANGUAGE_STANDARD = gnu11;
				GCC_NO_COMMON_BLOCKS = YES;
				GCC_WARN_64_TO_32_BIT_CONVERSION = YES;
				GCC_WARN_ABOUT_RETURN_TYPE = YES_ERROR;
				GCC_WARN_UNDECLARED_SELECTOR = YES;
				GCC_WARN_UNINITIALIZED_AUTOS = YES_AGGRESSIVE;
				GCC_WARN_UNUSED_FUNCTION = YES;
				GCC_WARN_UNUSED_VARIABLE = YES;
				MACOSX_DEPLOYMENT_TARGET = 12.6;
				MTL_ENABLE_DEBUG_INFO = NO;
				MTL_FAST_MATH = YES;
				SDKROOT = macosx;
				SWIFT_COMPILATION_MODE = wholemodule;
				SWIFT_OPTIMIZATION_LEVEL = "-O";
				VERSIONING_SYSTEM = "apple-generic";
				VERSION_INFO_PREFIX = "";
			};
			name = Release;
		};
		E8D7B2412A7A85A9003820D4 /* Debug */ = {
			isa = XCBuildConfiguration;
			buildSettings = {
				CLANG_ENABLE_MODULES = YES;
				CODE_SIGN_STYLE = Automatic;
				COMBINE_HIDPI_IMAGES = YES;
				CURRENT_PROJECT_VERSION = 1;
				DEFINES_MODULE = YES;
				DYLIB_COMPATIBILITY_VERSION = 1;
				DYLIB_CURRENT_VERSION = 1;
				DYLIB_INSTALL_NAME_BASE = "@rpath";
				GENERATE_INFOPLIST_FILE = YES;
				INFOPLIST_KEY_NSHumanReadableCopyright = "";
				INSTALL_PATH = "$(LOCAL_LIBRARY_DIR)/Frameworks";
				LD_RUNPATH_SEARCH_PATHS = (
					"$(inherited)",
					"@executable_path/../Frameworks",
					"@loader_path/Frameworks",
				);
				MARKETING_VERSION = 1.0;
				PRODUCT_BUNDLE_IDENTIFIER = aleix.ReadBooks;
				PRODUCT_NAME = "$(TARGET_NAME:c99extidentifier)";
				SKIP_INSTALL = YES;
				SWIFT_EMIT_LOC_STRINGS = YES;
				SWIFT_OPTIMIZATION_LEVEL = "-Onone";
				SWIFT_VERSION = 5.0;
			};
			name = Debug;
		};
		E8D7B2422A7A85A9003820D4 /* Release */ = {
			isa = XCBuildConfiguration;
			buildSettings = {
				CLANG_ENABLE_MODULES = YES;
				CODE_SIGN_STYLE = Automatic;
				COMBINE_HIDPI_IMAGES = YES;
				CURRENT_PROJECT_VERSION = 1;
				DEFINES_MODULE = YES;
				DYLIB_COMPATIBILITY_VERSION = 1;
				DYLIB_CURRENT_VERSION = 1;
				DYLIB_INSTALL_NAME_BASE = "@rpath";
				GENERATE_INFOPLIST_FILE = YES;
				INFOPLIST_KEY_NSHumanReadableCopyright = "";
				INSTALL_PATH = "$(LOCAL_LIBRARY_DIR)/Frameworks";
				LD_RUNPATH_SEARCH_PATHS = (
					"$(inherited)",
					"@executable_path/../Frameworks",
					"@loader_path/Frameworks",
				);
				MARKETING_VERSION = 1.0;
				PRODUCT_BUNDLE_IDENTIFIER = aleix.ReadBooks;
				PRODUCT_NAME = "$(TARGET_NAME:c99extidentifier)";
				SKIP_INSTALL = YES;
				SWIFT_EMIT_LOC_STRINGS = YES;
				SWIFT_VERSION = 5.0;
			};
			name = Release;
		};
		E8D7B2442A7A85A9003820D4 /* Debug */ = {
			isa = XCBuildConfiguration;
			buildSettings = {
				ALWAYS_EMBED_SWIFT_STANDARD_LIBRARIES = YES;
				CLANG_ENABLE_MODULES = YES;
				CODE_SIGN_STYLE = Automatic;
				CURRENT_PROJECT_VERSION = 1;
				GENERATE_INFOPLIST_FILE = YES;
				LD_RUNPATH_SEARCH_PATHS = (
					"$(inherited)",
					"@executable_path/../Frameworks",
					"@loader_path/../Frameworks",
				);
				MARKETING_VERSION = 1.0;
				PRODUCT_BUNDLE_IDENTIFIER = aleix.ReadBooksTests;
				PRODUCT_NAME = "$(TARGET_NAME)";
				SWIFT_EMIT_LOC_STRINGS = NO;
				SWIFT_OPTIMIZATION_LEVEL = "-Onone";
				SWIFT_VERSION = 5.0;
			};
			name = Debug;
		};
		E8D7B2452A7A85A9003820D4 /* Release */ = {
			isa = XCBuildConfiguration;
			buildSettings = {
				ALWAYS_EMBED_SWIFT_STANDARD_LIBRARIES = YES;
				CLANG_ENABLE_MODULES = YES;
				CODE_SIGN_STYLE = Automatic;
				CURRENT_PROJECT_VERSION = 1;
				GENERATE_INFOPLIST_FILE = YES;
				LD_RUNPATH_SEARCH_PATHS = (
					"$(inherited)",
					"@executable_path/../Frameworks",
					"@loader_path/../Frameworks",
				);
				MARKETING_VERSION = 1.0;
				PRODUCT_BUNDLE_IDENTIFIER = aleix.ReadBooksTests;
				PRODUCT_NAME = "$(TARGET_NAME)";
				SWIFT_EMIT_LOC_STRINGS = NO;
				SWIFT_VERSION = 5.0;
			};
			name = Release;
		};
/* End XCBuildConfiguration section */

/* Begin XCConfigurationList section */
		E8D7B2262A7A85A9003820D4 /* Build configuration list for PBXProject "ReadBooks" */ = {
			isa = XCConfigurationList;
			buildConfigurations = (
				E8D7B23E2A7A85A9003820D4 /* Debug */,
				E8D7B23F2A7A85A9003820D4 /* Release */,
			);
			defaultConfigurationIsVisible = 0;
			defaultConfigurationName = Release;
		};
		E8D7B2402A7A85A9003820D4 /* Build configuration list for PBXNativeTarget "ReadBooks" */ = {
			isa = XCConfigurationList;
			buildConfigurations = (
				E8D7B2412A7A85A9003820D4 /* Debug */,
				E8D7B2422A7A85A9003820D4 /* Release */,
			);
			defaultConfigurationIsVisible = 0;
			defaultConfigurationName = Release;
		};
		E8D7B2432A7A85A9003820D4 /* Build configuration list for PBXNativeTarget "ReadBooksTests" */ = {
			isa = XCConfigurationList;
			buildConfigurations = (
				E8D7B2442A7A85A9003820D4 /* Debug */,
				E8D7B2452A7A85A9003820D4 /* Release */,
			);
			defaultConfigurationIsVisible = 0;
			defaultConfigurationName = Release;
		};
/* End XCConfigurationList section */
	};
	rootObject = E8D7B2232A7A85A9003820D4 /* Project object */;
}
